
Microsoft Visual Studio Solution File, Format Version 12.00
# Visual Studio Version 16
VisualStudioVersion = 16.0.31112.23
MinimumVisualStudioVersion = 10.0.40219.1
Project("{FAE04EC0-301F-11D3-BF4B-00C04F79EFBC}") = "LineBotTest1", "LineBotTest1.csproj", "{4DCCA01A-5CCA-40CA-A3E9-088B1670BC02}"
EndProject
Global
	GlobalSection(SolutionConfigurationPlatforms) = preSolution
		Debug|Any CPU = Debug|Any CPU
		Release|Any CPU = Release|Any CPU
	EndGlobalSection
	GlobalSection(ProjectConfigurationPlatforms) = postSolution
		{4DCCA01A-5CCA-40CA-A3E9-088B1670BC02}.Debug|Any CPU.ActiveCfg = Debug|Any CPU
		{4DCCA01A-5CCA-40CA-A3E9-088B1670BC02}.Debug|Any CPU.Build.0 = Debug|Any CPU
		{4DCCA01A-5CCA-40CA-A3E9-088B1670BC02}.Release|Any CPU.ActiveCfg = Release|Any CPU
		{4DCCA01A-5CCA-40CA-A3E9-088B1670BC02}.Release|Any CPU.Build.0 = Release|Any CPU
	EndGlobalSection
	GlobalSection(SolutionProperties) = preSolution
		HideSolutionNode = FALSE
	EndGlobalSection
	GlobalSection(ExtensibilityGlobals) = postSolution
		SolutionGuid = {302DC9CE-CFC6-4343-BD36-15C6D51BC221}
	EndGlobalSection
EndGlobal
